// !$*UTF8*$!
{
	archiveVersion = 1;
	classes = {
	};
	objectVersion = 77;
	objects = {

/* Begin PBXContainerItemProxy section */
		E9208BC72DC21BF1003CDDAF /* PBXContainerItemProxy */ = {
			isa = PBXContainerItemProxy;
			containerPortal = E9208BAE2DC21BF0003CDDAF /* Project object */;
			proxyType = 1;
			remoteGlobalIDString = E9208BB52DC21BF0003CDDAF;
			remoteInfo = KiyanKa;
		};
		E9208BD12DC21BF1003CDDAF /* PBXContainerItemProxy */ = {
			isa = PBXContainerItemProxy;
			containerPortal = E9208BAE2DC21BF0003CDDAF /* Project object */;
			proxyType = 1;
			remoteGlobalIDString = E9208BB52DC21BF0003CDDAF;
			remoteInfo = KiyanKa;
		};
/* End PBXContainerItemProxy section */

/* Begin PBXFileReference section */
		E9208BB62DC21BF0003CDDAF /* KiyanKa.app */ = {isa = PBXFileReference; explicitFileType = wrapper.application; includeInIndex = 0; path = KiyanKa.app; sourceTree = BUILT_PRODUCTS_DIR; };
		E9208BC62DC21BF1003CDDAF /* KiyanKaTests.xctest */ = {isa = PBXFileReference; explicitFileType = wrapper.cfbundle; includeInIndex = 0; path = KiyanKaTests.xctest; sourceTree = BUILT_PRODUCTS_DIR; };
		E9208BD02DC21BF1003CDDAF /* KiyanKaUITests.xctest */ = {isa = PBXFileReference; explicitFileType = wrapper.cfbundle; includeInIndex = 0; path = KiyanKaUITests.xctest; sourceTree = BUILT_PRODUCTS_DIR; };
/* End PBXFileReference section */

/* Begin PBXFileSystemSynchronizedRootGroup section */
		E9208BB82DC21BF0003CDDAF /* KiyanKa */ = {
			isa = PBXFileSystemSynchronizedRootGroup;
			path = KiyanKa;
			sourceTree = "<group>";
		};
		E9208BC92DC21BF1003CDDAF /* KiyanKaTests */ = {
			isa = PBXFileSystemSynchronizedRootGroup;
			path = KiyanKaTests;
			sourceTree = "<group>";
		};
		E9208BD32DC21BF1003CDDAF /* KiyanKaUITests */ = {
			isa = PBXFileSystemSynchronizedRootGroup;
			path = KiyanKaUITests;
			sourceTree = "<group>";
		};
/* End PBXFileSystemSynchronizedRootGroup section */

/* Begin PBXFrameworksBuildPhase section */
		E9208BB32DC21BF0003CDDAF /* Frameworks */ = {
			isa = PBXFrameworksBuildPhase;
			buildActionMask = 2147483647;
			files = (
			);
			runOnlyForDeploymentPostprocessing = 0;
		};
		E9208BC32DC21BF1003CDDAF /* Frameworks */ = {
			isa = PBXFrameworksBuildPhase;
			buildActionMask = 2147483647;
			files = (
			);
			runOnlyForDeploymentPostprocessing = 0;
		};
		E9208BCD2DC21BF1003CDDAF /* Frameworks */ = {
			isa = PBXFrameworksBuildPhase;
			buildActionMask = 2147483647;
			files = (
			);
			runOnlyForDeploymentPostprocessing = 0;
		};
/* End PBXFrameworksBuildPhase section */

/* Begin PBXGroup section */
		E9208BAD2DC21BF0003CDDAF = {
			isa = PBXGroup;
			children = (
				E9208BB82DC21BF0003CDDAF /* KiyanKa */,
				E9208BC92DC21BF1003CDDAF /* KiyanKaTests */,
				E9208BD32DC21BF1003CDDAF /* KiyanKaUITests */,
				E9208BB72DC21BF0003CDDAF /* Products */,
			);
			sourceTree = "<group>";
		};
		E9208BB72DC21BF0003CDDAF /* Products */ = {
			isa = PBXGroup;
			children = (
				E9208BB62DC21BF0003CDDAF /* KiyanKa.app */,
				E9208BC62DC21BF1003CDDAF /* KiyanKaTests.xctest */,
				E9208BD02DC21BF1003CDDAF /* KiyanKaUITests.xctest */,
			);
			name = Products;
			sourceTree = "<group>";
		};
/* End PBXGroup section */

/* Begin PBXNativeTarget section */
		E9208BB52DC21BF0003CDDAF /* KiyanKa */ = {
			isa = PBXNativeTarget;
			buildConfigurationList = E9208BDA2DC21BF1003CDDAF /* Build configuration list for PBXNativeTarget "KiyanKa" */;
			buildPhases = (
				E9208BB22DC21BF0003CDDAF /* Sources */,
				E9208BB32DC21BF0003CDDAF /* Frameworks */,
				E9208BB42DC21BF0003CDDAF /* Resources */,
			);
			buildRules = (
			);
			dependencies = (
			);
			fileSystemSynchronizedGroups = (
				E9208BB82DC21BF0003CDDAF /* KiyanKa */,
			);
			name = KiyanKa;
			packageProductDependencies = (
			);
			productName = KiyanKa;
			productReference = E9208BB62DC21BF0003CDDAF /* KiyanKa.app */;
			productType = "com.apple.product-type.application";
		};
		E9208BC52DC21BF1003CDDAF /* KiyanKaTests */ = {
			isa = PBXNativeTarget;
			buildConfigurationList = E9208BDD2DC21BF1003CDDAF /* Build configuration list for PBXNativeTarget "KiyanKaTests" */;
			buildPhases = (
				E9208BC22DC21BF1003CDDAF /* Sources */,
				E9208BC32DC21BF1003CDDAF /* Frameworks */,
				E9208BC42DC21BF1003CDDAF /* Resources */,
			);
			buildRules = (
			);
			dependencies = (
				E9208BC82DC21BF1003CDDAF /* PBXTargetDependency */,
			);
			fileSystemSynchronizedGroups = (
				E9208BC92DC21BF1003CDDAF /* KiyanKaTests */,
			);
			name = KiyanKaTests;
			packageProductDependencies = (
			);
			productName = KiyanKaTests;
			productReference = E9208BC62DC21BF1003CDDAF /* KiyanKaTests.xctest */;
			productType = "com.apple.product-type.bundle.unit-test";
		};
		E9208BCF2DC21BF1003CDDAF /* KiyanKaUITests */ = {
			isa = PBXNativeTarget;
			buildConfigurationList = E9208BE02DC21BF1003CDDAF /* Build configuration list for PBXNativeTarget "KiyanKaUITests" */;
			buildPhases = (
				E9208BCC2DC21BF1003CDDAF /* Sources */,
				E9208BCD2DC21BF1003CDDAF /* Frameworks */,
				E9208BCE2DC21BF1003CDDAF /* Resources */,
			);
			buildRules = (
			);
			dependencies = (
				E9208BD22DC21BF1003CDDAF /* PBXTargetDependency */,
			);
			fileSystemSynchronizedGroups = (
				E9208BD32DC21BF1003CDDAF /* KiyanKaUITests */,
			);
			name = KiyanKaUITests;
			packageProductDependencies = (
			);
			productName = KiyanKaUITests;
			productReference = E9208BD02DC21BF1003CDDAF /* KiyanKaUITests.xctest */;
			productType = "com.apple.product-type.bundle.ui-testing";
		};
/* End PBXNativeTarget section */

/* Begin PBXProject section */
		E9208BAE2DC21BF0003CDDAF /* Project object */ = {
			isa = PBXProject;
			attributes = {
				BuildIndependentTargetsInParallel = 1;
				LastSwiftUpdateCheck = 1610;
				LastUpgradeCheck = 1610;
				TargetAttributes = {
					E9208BB52DC21BF0003CDDAF = {
						CreatedOnToolsVersion = 16.1;
					};
					E9208BC52DC21BF1003CDDAF = {
						CreatedOnToolsVersion = 16.1;
						TestTargetID = E9208BB52DC21BF0003CDDAF;
					};
					E9208BCF2DC21BF1003CDDAF = {
						CreatedOnToolsVersion = 16.1;
						TestTargetID = E9208BB52DC21BF0003CDDAF;
					};
				};
			};
			buildConfigurationList = E9208BB12DC21BF0003CDDAF /* Build configuration list for PBXProject "KiyanKa" */;
			developmentRegion = en;
			hasScannedForEncodings = 0;
			knownRegions = (
				en,
				Base,
			);
			mainGroup = E9208BAD2DC21BF0003CDDAF;
			minimizedProjectReferenceProxies = 1;
			preferredProjectObjectVersion = 77;
			productRefGroup = E9208BB72DC21BF0003CDDAF /* Products */;
			projectDirPath = "";
			projectRoot = "";
			targets = (
				E9208BB52DC21BF0003CDDAF /* KiyanKa */,
				E9208BC52DC21BF1003CDDAF /* KiyanKaTests */,
				E9208BCF2DC21BF1003CDDAF /* KiyanKaUITests */,
			);
		};
/* End PBXProject section */

/* Begin PBXResourcesBuildPhase section */
		E9208BB42DC21BF0003CDDAF /* Resources */ = {
			isa = PBXResourcesBuildPhase;
			buildActionMask = 2147483647;
			files = (
			);
			runOnlyForDeploymentPostprocessing = 0;
		};
		E9208BC42DC21BF1003CDDAF /* Resources */ = {
			isa = PBXResourcesBuildPhase;
			buildActionMask = 2147483647;
			files = (
			);
			runOnlyForDeploymentPostprocessing = 0;
		};
		E9208BCE2DC21BF1003CDDAF /* Resources */ = {
			isa = PBXResourcesBuildPhase;
			buildActionMask = 2147483647;
			files = (
			);
			runOnlyForDeploymentPostprocessing = 0;
		};
/* End PBXResourcesBuildPhase section */

/* Begin PBXSourcesBuildPhase section */
		E9208BB22DC21BF0003CDDAF /* Sources */ = {
			isa = PBXSourcesBuildPhase;
			buildActionMask = 2147483647;
			files = (
			);
			runOnlyForDeploymentPostprocessing = 0;
		};
		E9208BC22DC21BF1003CDDAF /* Sources */ = {
			isa = PBXSourcesBuildPhase;
			buildActionMask = 2147483647;
			files = (
			);
			runOnlyForDeploymentPostprocessing = 0;
		};
		E9208BCC2DC21BF1003CDDAF /* Sources */ = {
			isa = PBXSourcesBuildPhase;
			buildActionMask = 2147483647;
			files = (
			);
			runOnlyForDeploymentPostprocessing = 0;
		};
/* End PBXSourcesBuildPhase section */

/* Begin PBXTargetDependency section */
		E9208BC82DC21BF1003CDDAF /* PBXTargetDependency */ = {
			isa = PBXTargetDependency;
			target = E9208BB52DC21BF0003CDDAF /* KiyanKa */;
			targetProxy = E9208BC72DC21BF1003CDDAF /* PBXContainerItemProxy */;
		};
		E9208BD22DC21BF1003CDDAF /* PBXTargetDependency */ = {
			isa = PBXTargetDependency;
			target = E9208BB52DC21BF0003CDDAF /* KiyanKa */;
			targetProxy = E9208BD12DC21BF1003CDDAF /* PBXContainerItemProxy */;
		};
/* End PBXTargetDependency section */

/* Begin XCBuildConfiguration section */
		E9208BD82DC21BF1003CDDAF /* Debug */ = {
			isa = XCBuildConfiguration;
			buildSettings = {
				ALWAYS_SEARCH_USER_PATHS = NO;
				ASSETCATALOG_COMPILER_GENERATE_SWIFT_ASSET_SYMBOL_EXTENSIONS = YES;
				CLANG_ANALYZER_NONNULL = YES;
				CLANG_ANALYZER_NUMBER_OBJECT_CONVERSION = YES_AGGRESSIVE;
				CLANG_CXX_LANGUAGE_STANDARD = "gnu++20";
				CLANG_ENABLE_MODULES = YES;
				CLANG_ENABLE_OBJC_ARC = YES;
				CLANG_ENABLE_OBJC_WEAK = YES;
				CLANG_WARN_BLOCK_CAPTURE_AUTORELEASING = YES;
				CLANG_WARN_BOOL_CONVERSION = YES;
				CLANG_WARN_COMMA = YES;
				CLANG_WARN_CONSTANT_CONVERSION = YES;
				CLANG_WARN_DEPRECATED_OBJC_IMPLEMENTATIONS = YES;
				CLANG_WARN_DIRECT_OBJC_ISA_USAGE = YES_ERROR;
				CLANG_WARN_DOCUMENTATION_COMMENTS = YES;
				CLANG_WARN_EMPTY_BODY = YES;
				CLANG_WARN_ENUM_CONVERSION = YES;
				CLANG_WARN_INFINITE_RECURSION = YES;
				CLANG_WARN_INT_CONVERSION = YES;
				CLANG_WARN_NON_LITERAL_NULL_CONVERSION = YES;
				CLANG_WARN_OBJC_IMPLICIT_RETAIN_SELF = YES;
				CLANG_WARN_OBJC_LITERAL_CONVERSION = YES;
				CLANG_WARN_OBJC_ROOT_CLASS = YES_ERROR;
				CLANG_WARN_QUOTED_INCLUDE_IN_FRAMEWORK_HEADER = YES;
				CLANG_WARN_RANGE_LOOP_ANALYSIS = YES;
				CLANG_WARN_STRICT_PROTOTYPES = YES;
				CLANG_WARN_SUSPICIOUS_MOVE = YES;
				CLANG_WARN_UNGUARDED_AVAILABILITY = YES_AGGRESSIVE;
				CLANG_WARN_UNREACHABLE_CODE = YES;
				CLANG_WARN__DUPLICATE_METHOD_MATCH = YES;
				COPY_PHASE_STRIP = NO;
				DEBUG_INFORMATION_FORMAT = dwarf;
				ENABLE_STRICT_OBJC_MSGSEND = YES;
				ENABLE_TESTABILITY = YES;
				ENABLE_USER_SCRIPT_SANDBOXING = YES;
				GCC_C_LANGUAGE_STANDARD = gnu17;
				GCC_DYNAMIC_NO_PIC = NO;
				GCC_NO_COMMON_BLOCKS = YES;
				GCC_OPTIMIZATION_LEVEL = 0;
				GCC_PREPROCESSOR_DEFINITIONS = (
					"DEBUG=1",
					"$(inherited)",
				);
				GCC_WARN_64_TO_32_BIT_CONVERSION = YES;
				GCC_WARN_ABOUT_RETURN_TYPE = YES_ERROR;
				GCC_WARN_UNDECLARED_SELECTOR = YES;
				GCC_WARN_UNINITIALIZED_AUTOS = YES_AGGRESSIVE;
				GCC_WARN_UNUSED_FUNCTION = YES;
				GCC_WARN_UNUSED_VARIABLE = YES;
				IPHONEOS_DEPLOYMENT_TARGET = 18.1;
				LOCALIZATION_PREFERS_STRING_CATALOGS = YES;
				MTL_ENABLE_DEBUG_INFO = INCLUDE_SOURCE;
				MTL_FAST_MATH = YES;
				ONLY_ACTIVE_ARCH = YES;
				SDKROOT = iphoneos;
				SWIFT_ACTIVE_COMPILATION_CONDITIONS = "DEBUG $(inherited)";
				SWIFT_OPTIMIZATION_LEVEL = "-Onone";
			};
			name = Debug;
		};
		E9208BD92DC21BF1003CDDAF /* Release */ = {
			isa = XCBuildConfiguration;
			buildSettings = {
				ALWAYS_SEARCH_USER_PATHS = NO;
				ASSETCATALOG_COMPILER_GENERATE_SWIFT_ASSET_SYMBOL_EXTENSIONS = YES;
				CLANG_ANALYZER_NONNULL = YES;
				CLANG_ANALYZER_NUMBER_OBJECT_CONVERSION = YES_AGGRESSIVE;
				CLANG_CXX_LANGUAGE_STANDARD = "gnu++20";
				CLANG_ENABLE_MODULES = YES;
				CLANG_ENABLE_OBJC_ARC = YES;
				CLANG_ENABLE_OBJC_WEAK = YES;
				CLANG_WARN_BLOCK_CAPTURE_AUTORELEASING = YES;
				CLANG_WARN_BOOL_CONVERSION = YES;
				CLANG_WARN_COMMA = YES;
				CLANG_WARN_CONSTANT_CONVERSION = YES;
				CLANG_WARN_DEPRECATED_OBJC_IMPLEMENTATIONS = YES;
				CLANG_WARN_DIRECT_OBJC_ISA_USAGE = YES_ERROR;
				CLANG_WARN_DOCUMENTATION_COMMENTS = YES;
				CLANG_WARN_EMPTY_BODY = YES;
				CLANG_WARN_ENUM_CONVERSION = YES;
				CLANG_WARN_INFINITE_RECURSION = YES;
				CLANG_WARN_INT_CONVERSION = YES;
				CLANG_WARN_NON_LITERAL_NULL_CONVERSION = YES;
				CLANG_WARN_OBJC_IMPLICIT_RETAIN_SELF = YES;
				CLANG_WARN_OBJC_LITERAL_CONVERSION = YES;
				CLANG_WARN_OBJC_ROOT_CLASS = YES_ERROR;
				CLANG_WARN_QUOTED_INCLUDE_IN_FRAMEWORK_HEADER = YES;
				CLANG_WARN_RANGE_LOOP_ANALYSIS = YES;
				CLANG_WARN_STRICT_PROTOTYPES = YES;
				CLANG_WARN_SUSPICIOUS_MOVE = YES;
				CLANG_WARN_UNGUARDED_AVAILABILITY = YES_AGGRESSIVE;
				CLANG_WARN_UNREACHABLE_CODE = YES;
				CLANG_WARN__DUPLICATE_METHOD_MATCH = YES;
				COPY_PHASE_STRIP = NO;
				DEBUG_INFORMATION_FORMAT = "dwarf-with-dsym";
				ENABLE_NS_ASSERTIONS = NO;
				ENABLE_STRICT_OBJC_MSGSEND = YES;
				ENABLE_USER_SCRIPT_SANDBOXING = YES;
				GCC_C_LANGUAGE_STANDARD = gnu17;
				GCC_NO_COMMON_BLOCKS = YES;
				GCC_WARN_64_TO_32_BIT_CONVERSION = YES;
				GCC_WARN_ABOUT_RETURN_TYPE = YES_ERROR;
				GCC_WARN_UNDECLARED_SELECTOR = YES;
				GCC_WARN_UNINITIALIZED_AUTOS = YES_AGGRESSIVE;
				GCC_WARN_UNUSED_FUNCTION = YES;
				GCC_WARN_UNUSED_VARIABLE = YES;
				IPHONEOS_DEPLOYMENT_TARGET = 18.1;
				LOCALIZATION_PREFERS_STRING_CATALOGS = YES;
				MTL_ENABLE_DEBUG_INFO = NO;
				MTL_FAST_MATH = YES;
				SDKROOT = iphoneos;
				SWIFT_COMPILATION_MODE = wholemodule;
				VALIDATE_PRODUCT = YES;
			};
			name = Release;
		};
		E9208BDB2DC21BF1003CDDAF /* Debug */ = {
			isa = XCBuildConfiguration;
			buildSettings = {
				ASSETCATALOG_COMPILER_APPICON_NAME = AppIcon;
				ASSETCATALOG_COMPILER_GLOBAL_ACCENT_COLOR_NAME = AccentColor;
				CODE_SIGN_STYLE = Automatic;
				CURRENT_PROJECT_VERSION = 1;
				DEVELOPMENT_ASSET_PATHS = "\"KiyanKa/Preview Content\"";
				DEVELOPMENT_TEAM = 45D4LA7H4N;
				ENABLE_PREVIEWS = YES;
				GENERATE_INFOPLIST_FILE = YES;
				INFOPLIST_KEY_UIApplicationSceneManifest_Generation = YES;
				INFOPLIST_KEY_UIApplicationSupportsIndirectInputEvents = YES;
				INFOPLIST_KEY_UILaunchScreen_Generation = YES;
				INFOPLIST_KEY_UISupportedInterfaceOrientations_iPad = "UIInterfaceOrientationPortrait UIInterfaceOrientationPortraitUpsideDown UIInterfaceOrientationLandscapeLeft UIInterfaceOrientationLandscapeRight";
				INFOPLIST_KEY_UISupportedInterfaceOrientations_iPhone = "UIInterfaceOrientationPortrait UIInterfaceOrientationLandscapeLeft UIInterfaceOrientationLandscapeRight";
				LD_RUNPATH_SEARCH_PATHS = (
					"$(inherited)",
					"@executable_path/Frameworks",
				);
				MARKETING_VERSION = 1.0;
				PRODUCT_BUNDLE_IDENTIFIER = com.imane.KiyanKa;
				PRODUCT_NAME = "$(TARGET_NAME)";
				SWIFT_EMIT_LOC_STRINGS = YES;
				SWIFT_VERSION = 5.0;
				TARGETED_DEVICE_FAMILY = "1,2";
			};
			name = Debug;
		};
		E9208BDC2DC21BF1003CDDAF /* Release */ = {
			isa = XCBuildConfiguration;
			buildSettings = {
				ASSETCATALOG_COMPILER_APPICON_NAME = AppIcon;
				ASSETCATALOG_COMPILER_GLOBAL_ACCENT_COLOR_NAME = AccentColor;
				CODE_SIGN_STYLE = Automatic;
				CURRENT_PROJECT_VERSION = 1;
				DEVELOPMENT_ASSET_PATHS = "\"KiyanKa/Preview Content\"";
				DEVELOPMENT_TEAM = 45D4LA7H4N;
				ENABLE_PREVIEWS = YES;
				GENERATE_INFOPLIST_FILE = YES;
				INFOPLIST_KEY_UIApplicationSceneManifest_Generation = YES;
				INFOPLIST_KEY_UIApplicationSupportsIndirectInputEvents = YES;
				INFOPLIST_KEY_UILaunchScreen_Generation = YES;
				INFOPLIST_KEY_UISupportedInterfaceOrientations_iPad = "UIInterfaceOrientationPortrait UIInterfaceOrientationPortraitUpsideDown UIInterfaceOrientationLandscapeLeft UIInterfaceOrientationLandscapeRight";
				INFOPLIST_KEY_UISupportedInterfaceOrientations_iPhone = "UIInterfaceOrientationPortrait UIInterfaceOrientationLandscapeLeft UIInterfaceOrientationLandscapeRight";
				LD_RUNPATH_SEARCH_PATHS = (
					"$(inherited)",
					"@executable_path/Frameworks",
				);
				MARKETING_VERSION = 1.0;
				PRODUCT_BUNDLE_IDENTIFIER = com.imane.KiyanKa;
				PRODUCT_NAME = "$(TARGET_NAME)";
				SWIFT_EMIT_LOC_STRINGS = YES;
				SWIFT_VERSION = 5.0;
				TARGETED_DEVICE_FAMILY = "1,2";
			};
			name = Release;
		};
		E9208BDE2DC21BF1003CDDAF /* Debug */ = {
			isa = XCBuildConfiguration;
			buildSettings = {
				BUNDLE_LOADER = "$(TEST_HOST)";
				CODE_SIGN_STYLE = Automatic;
				CURRENT_PROJECT_VERSION = 1;
				DEVELOPMENT_TEAM = 45D4LA7H4N;
				GENERATE_INFOPLIST_FILE = YES;
				IPHONEOS_DEPLOYMENT_TARGET = 18.1;
				MARKETING_VERSION = 1.0;
				PRODUCT_BUNDLE_IDENTIFIER = com.imane.KiyanKaTests;
				PRODUCT_NAME = "$(TARGET_NAME)";
				SWIFT_EMIT_LOC_STRINGS = NO;
				SWIFT_VERSION = 5.0;
				TARGETED_DEVICE_FAMILY = "1,2";
				TEST_HOST = "$(BUILT_PRODUCTS_DIR)/KiyanKa.app/$(BUNDLE_EXECUTABLE_FOLDER_PATH)/KiyanKa";
			};
			name = Debug;
		};
		E9208BDF2DC21BF1003CDDAF /* Release */ = {
			isa = XCBuildConfiguration;
			buildSettings = {
				BUNDLE_LOADER = "$(TEST_HOST)";
				CODE_SIGN_STYLE = Automatic;
				CURRENT_PROJECT_VERSION = 1;
				DEVELOPMENT_TEAM = 45D4LA7H4N;
				GENERATE_INFOPLIST_FILE = YES;
				IPHONEOS_DEPLOYMENT_TARGET = 18.1;
				MARKETING_VERSION = 1.0;
				PRODUCT_BUNDLE_IDENTIFIER = com.imane.KiyanKaTests;
				PRODUCT_NAME = "$(TARGET_NAME)";
				SWIFT_EMIT_LOC_STRINGS = NO;
				SWIFT_VERSION = 5.0;
				TARGETED_DEVICE_FAMILY = "1,2";
				TEST_HOST = "$(BUILT_PRODUCTS_DIR)/KiyanKa.app/$(BUNDLE_EXECUTABLE_FOLDER_PATH)/KiyanKa";
			};
			name = Release;
		};
		E9208BE12DC21BF1003CDDAF /* Debug */ = {
			isa = XCBuildConfiguration;
			buildSettings = {
				CODE_SIGN_STYLE = Automatic;
				CURRENT_PROJECT_VERSION = 1;
				DEVELOPMENT_TEAM = 45D4LA7H4N;
				GENERATE_INFOPLIST_FILE = YES;
				MARKETING_VERSION = 1.0;
				PRODUCT_BUNDLE_IDENTIFIER = com.imane.KiyanKaUITests;
				PRODUCT_NAME = "$(TARGET_NAME)";
				SWIFT_EMIT_LOC_STRINGS = NO;
				SWIFT_VERSION = 5.0;
				TARGETED_DEVICE_FAMILY = "1,2";
				TEST_TARGET_NAME = KiyanKa;
			};
			name = Debug;
		};
		E9208BE22DC21BF1003CDDAF /* Release */ = {
			isa = XCBuildConfiguration;
			buildSettings = {
				CODE_SIGN_STYLE = Automatic;
				CURRENT_PROJECT_VERSION = 1;
				DEVELOPMENT_TEAM = 45D4LA7H4N;
				GENERATE_INFOPLIST_FILE = YES;
				MARKETING_VERSION = 1.0;
				PRODUCT_BUNDLE_IDENTIFIER = com.imane.KiyanKaUITests;
				PRODUCT_NAME = "$(TARGET_NAME)";
				SWIFT_EMIT_LOC_STRINGS = NO;
				SWIFT_VERSION = 5.0;
				TARGETED_DEVICE_FAMILY = "1,2";
				TEST_TARGET_NAME = KiyanKa;
			};
			name = Release;
		};
/* End XCBuildConfiguration section */

/* Begin XCConfigurationList section */
		E9208BB12DC21BF0003CDDAF /* Build configuration list for PBXProject "KiyanKa" */ = {
			isa = XCConfigurationList;
			buildConfigurations = (
				E9208BD82DC21BF1003CDDAF /* Debug */,
				E9208BD92DC21BF1003CDDAF /* Release */,
			);
			defaultConfigurationIsVisible = 0;
			defaultConfigurationName = Release;
		};
		E9208BDA2DC21BF1003CDDAF /* Build configuration list for PBXNativeTarget "KiyanKa" */ = {
			isa = XCConfigurationList;
			buildConfigurations = (
				E9208BDB2DC21BF1003CDDAF /* Debug */,
				E9208BDC2DC21BF1003CDDAF /* Release */,
			);
			defaultConfigurationIsVisible = 0;
			defaultConfigurationName = Release;
		};
		E9208BDD2DC21BF1003CDDAF /* Build configuration list for PBXNativeTarget "KiyanKaTests" */ = {
			isa = XCConfigurationList;
			buildConfigurations = (
				E9208BDE2DC21BF1003CDDAF /* Debug */,
				E9208BDF2DC21BF1003CDDAF /* Release */,
			);
			defaultConfigurationIsVisible = 0;
			defaultConfigurationName = Release;
		};
		E9208BE02DC21BF1003CDDAF /* Build configuration list for PBXNativeTarget "KiyanKaUITests" */ = {
			isa = XCConfigurationList;
			buildConfigurations = (
				E9208BE12DC21BF1003CDDAF /* Debug */,
				E9208BE22DC21BF1003CDDAF /* Release */,
			);
			defaultConfigurationIsVisible = 0;
			defaultConfigurationName = Release;
		};
/* End XCConfigurationList section */
	};
	rootObject = E9208BAE2DC21BF0003CDDAF /* Project object */;
}
